
Microsoft Visual Studio Solution File, Format Version 10.00
# Visual Studio 2008
Project("{F184B08F-C81C-45F6-A57F-5ABD9991F28F}") = "UOAI2", "UOAI2\UOAI2.vbproj", "{8C4C1C1B-0BED-4153-905D-3C7840B5EAF2}"
EndProject
Project("{F184B08F-C81C-45F6-A57F-5ABD9991F28F}") = "UOAI2Texter", "UOAI2Texter\UOAI2Texter.vbproj", "{10FE17DE-A9E2-4CEB-BB68-7A3E1FC7EE80}"
EndProject
Project("{2150E333-8FDC-42A3-9474-1A3956D46DE8}") = "UOAI2", "UOAI2", "{AED31C57-E956-456D-A234-8436C7AFDAC1}"
EndProject
Project("{2150E333-8FDC-42A3-9474-1A3956D46DE8}") = "UOAI Basic", "UOAI Basic", "{ED7C59F9-2A1A-4528-B6F8-49A947462F52}"
EndProject
Project("{FAE04EC0-301F-11D3-BF4B-00C04F79EFBC}") = "UOAI Basic", "..\UOAI Basic\UOAI Basic\UOAI Basic.csproj", "{2DD89D47-0777-4FDB-9333-BBBE10DCD6EB}"
EndProject
Project("{FAE04EC0-301F-11D3-BF4B-00C04F79EFBC}") = "UOAI TestApp", "..\UOAI Basic\UOAI TestApp\UOAI TestApp.csproj", "{6D80E079-66B0-4B6A-A0E1-A3A1C4CAA12E}"
EndProject
Global
	GlobalSection(SolutionConfigurationPlatforms) = preSolution
		Debug|Any CPU = Debug|Any CPU
		Debug|Mixed Platforms = Debug|Mixed Platforms
		Debug|Win32 = Debug|Win32
		Debug|x86 = Debug|x86
		Release|Any CPU = Release|Any CPU
		Release|Mixed Platforms = Release|Mixed Platforms
		Release|Win32 = Release|Win32
		Release|x86 = Release|x86
	EndGlobalSection
	GlobalSection(ProjectConfigurationPlatforms) = postSolution
		{8C4C1C1B-0BED-4153-905D-3C7840B5EAF2}.Debug|Any CPU.ActiveCfg = Debug|Any CPU
		{8C4C1C1B-0BED-4153-905D-3C7840B5EAF2}.Debug|Any CPU.Build.0 = Debug|Any CPU
		{8C4C1C1B-0BED-4153-905D-3C7840B5EAF2}.Debug|Mixed Platforms.ActiveCfg = Debug|Any CPU
		{8C4C1C1B-0BED-4153-905D-3C7840B5EAF2}.Debug|Mixed Platforms.Build.0 = Debug|Any CPU
		{8C4C1C1B-0BED-4153-905D-3C7840B5EAF2}.Debug|Win32.ActiveCfg = Debug|Any CPU
		{8C4C1C1B-0BED-4153-905D-3C7840B5EAF2}.Debug|Win32.Build.0 = Debug|Any CPU
		{8C4C1C1B-0BED-4153-905D-3C7840B5EAF2}.Debug|x86.ActiveCfg = Debug|Any CPU
		{8C4C1C1B-0BED-4153-905D-3C7840B5EAF2}.Debug|x86.Build.0 = Debug|Any CPU
		{8C4C1C1B-0BED-4153-905D-3C7840B5EAF2}.Release|Any CPU.ActiveCfg = Release|Any CPU
		{8C4C1C1B-0BED-4153-905D-3C7840B5EAF2}.Release|Any CPU.Build.0 = Release|Any CPU
		{8C4C1C1B-0BED-4153-905D-3C7840B5EAF2}.Release|Mixed Platforms.ActiveCfg = Release|Any CPU
		{8C4C1C1B-0BED-4153-905D-3C7840B5EAF2}.Release|Mixed Platforms.Build.0 = Release|Any CPU
		{8C4C1C1B-0BED-4153-905D-3C7840B5EAF2}.Release|Win32.ActiveCfg = Release|Any CPU
		{8C4C1C1B-0BED-4153-905D-3C7840B5EAF2}.Release|x86.ActiveCfg = Release|Any CPU
		{8C4C1C1B-0BED-4153-905D-3C7840B5EAF2}.Release|x86.Build.0 = Release|Any CPU
		{10FE17DE-A9E2-4CEB-BB68-7A3E1FC7EE80}.Debug|Any CPU.ActiveCfg = Debug|Any CPU
		{10FE17DE-A9E2-4CEB-BB68-7A3E1FC7EE80}.Debug|Any CPU.Build.0 = Debug|Any CPU
		{10FE17DE-A9E2-4CEB-BB68-7A3E1FC7EE80}.Debug|Mixed Platforms.ActiveCfg = Debug|Any CPU
		{10FE17DE-A9E2-4CEB-BB68-7A3E1FC7EE80}.Debug|Mixed Platforms.Build.0 = Debug|Any CPU
		{10FE17DE-A9E2-4CEB-BB68-7A3E1FC7EE80}.Debug|Win32.ActiveCfg = Debug|Any CPU
		{10FE17DE-A9E2-4CEB-BB68-7A3E1FC7EE80}.Debug|Win32.Build.0 = Debug|Any CPU
		{10FE17DE-A9E2-4CEB-BB68-7A3E1FC7EE80}.Debug|x86.ActiveCfg = Debug|Any CPU
		{10FE17DE-A9E2-4CEB-BB68-7A3E1FC7EE80}.Debug|x86.Build.0 = Debug|Any CPU
		{10FE17DE-A9E2-4CEB-BB68-7A3E1FC7EE80}.Release|Any CPU.ActiveCfg = Release|Any CPU
		{10FE17DE-A9E2-4CEB-BB68-7A3E1FC7EE80}.Release|Any CPU.Build.0 = Release|Any CPU
		{10FE17DE-A9E2-4CEB-BB68-7A3E1FC7EE80}.Release|Mixed Platforms.ActiveCfg = Release|Any CPU
		{10FE17DE-A9E2-4CEB-BB68-7A3E1FC7EE80}.Release|Mixed Platforms.Build.0 = Release|Any CPU
		{10FE17DE-A9E2-4CEB-BB68-7A3E1FC7EE80}.Release|Win32.ActiveCfg = Release|Any CPU
		{10FE17DE-A9E2-4CEB-BB68-7A3E1FC7EE80}.Release|x86.ActiveCfg = Release|Any CPU
		{10FE17DE-A9E2-4CEB-BB68-7A3E1FC7EE80}.Release|x86.Build.0 = Release|Any CPU
		{2DD89D47-0777-4FDB-9333-BBBE10DCD6EB}.Debug|Any CPU.ActiveCfg = Debug|Any CPU
		{2DD89D47-0777-4FDB-9333-BBBE10DCD6EB}.Debug|Any CPU.Build.0 = Debug|Any CPU
		{2DD89D47-0777-4FDB-9333-BBBE10DCD6EB}.Debug|Mixed Platforms.ActiveCfg = Debug|Any CPU
		{2DD89D47-0777-4FDB-9333-BBBE10DCD6EB}.Debug|Mixed Platforms.Build.0 = Debug|Any CPU
		{2DD89D47-0777-4FDB-9333-BBBE10DCD6EB}.Debug|Win32.ActiveCfg = Debug|Any CPU
		{2DD89D47-0777-4FDB-9333-BBBE10DCD6EB}.Debug|x86.ActiveCfg = Debug|Any CPU
		{2DD89D47-0777-4FDB-9333-BBBE10DCD6EB}.Release|Any CPU.ActiveCfg = Release|Any CPU
		{2DD89D47-0777-4FDB-9333-BBBE10DCD6EB}.Release|Any CPU.Build.0 = Release|Any CPU
		{2DD89D47-0777-4FDB-9333-BBBE10DCD6EB}.Release|Mixed Platforms.ActiveCfg = Release|Any CPU
		{2DD89D47-0777-4FDB-9333-BBBE10DCD6EB}.Release|Mixed Platforms.Build.0 = Release|Any CPU
		{2DD89D47-0777-4FDB-9333-BBBE10DCD6EB}.Release|Win32.ActiveCfg = Release|Any CPU
		{2DD89D47-0777-4FDB-9333-BBBE10DCD6EB}.Release|x86.ActiveCfg = Release|Any CPU
		{2DD89D47-0777-4FDB-9333-BBBE10DCD6EB}.Release|x86.Build.0 = Release|Any CPU
		{6D80E079-66B0-4B6A-A0E1-A3A1C4CAA12E}.Debug|Any CPU.ActiveCfg = Debug|Any CPU
		{6D80E079-66B0-4B6A-A0E1-A3A1C4CAA12E}.Debug|Any CPU.Build.0 = Debug|Any CPU
		{6D80E079-66B0-4B6A-A0E1-A3A1C4CAA12E}.Debug|Mixed Platforms.ActiveCfg = Debug|Any CPU
		{6D80E079-66B0-4B6A-A0E1-A3A1C4CAA12E}.Debug|Mixed Platforms.Build.0 = Debug|Any CPU
		{6D80E079-66B0-4B6A-A0E1-A3A1C4CAA12E}.Debug|Win32.ActiveCfg = Debug|Any CPU
		{6D80E079-66B0-4B6A-A0E1-A3A1C4CAA12E}.Debug|x86.ActiveCfg = Debug|Any CPU
		{6D80E079-66B0-4B6A-A0E1-A3A1C4CAA12E}.Release|Any CPU.ActiveCfg = Release|Any CPU
		{6D80E079-66B0-4B6A-A0E1-A3A1C4CAA12E}.Release|Any CPU.Build.0 = Release|Any CPU
		{6D80E079-66B0-4B6A-A0E1-A3A1C4CAA12E}.Release|Mixed Platforms.ActiveCfg = Release|Any CPU
		{6D80E079-66B0-4B6A-A0E1-A3A1C4CAA12E}.Release|Mixed Platforms.Build.0 = Release|Any CPU
		{6D80E079-66B0-4B6A-A0E1-A3A1C4CAA12E}.Release|Win32.ActiveCfg = Release|Any CPU
		{6D80E079-66B0-4B6A-A0E1-A3A1C4CAA12E}.Release|x86.ActiveCfg = Release|Any CPU
	EndGlobalSection
	GlobalSection(SolutionProperties) = preSolution
		HideSolutionNode = FALSE
	EndGlobalSection
	GlobalSection(NestedProjects) = preSolution
		{8C4C1C1B-0BED-4153-905D-3C7840B5EAF2} = {AED31C57-E956-456D-A234-8436C7AFDAC1}
		{10FE17DE-A9E2-4CEB-BB68-7A3E1FC7EE80} = {AED31C57-E956-456D-A234-8436C7AFDAC1}
		{2DD89D47-0777-4FDB-9333-BBBE10DCD6EB} = {ED7C59F9-2A1A-4528-B6F8-49A947462F52}
		{6D80E079-66B0-4B6A-A0E1-A3A1C4CAA12E} = {ED7C59F9-2A1A-4528-B6F8-49A947462F52}
	EndGlobalSection
EndGlobal
