
Microsoft Visual Studio Solution File, Format Version 10.00
# Visual Studio 2008
Project("{F184B08F-C81C-45F6-A57F-5ABD9991F28F}") = "UOAI2", "UOAI2\UOAI2.vbproj", "{8C4C1C1B-0BED-4153-905D-3C7840B5EAF2}"
EndProject
Project("{F184B08F-C81C-45F6-A57F-5ABD9991F28F}") = "UOAI2Texter", "UOAI2Texter\UOAI2Texter.vbproj", "{10FE17DE-A9E2-4CEB-BB68-7A3E1FC7EE80}"
EndProject
Project("{8BC9CEB8-8B4A-11D0-8D11-00A0C91BC942}") = "UOClientDll", "..\UOClientDll\UOClientDll.vcproj", "{D5B08975-7DAD-4F2E-9B67-FDA19D7273B0}"
EndProject
Global
	GlobalSection(SolutionConfigurationPlatforms) = preSolution
		Debug|Any CPU = Debug|Any CPU
		Debug|Mixed Platforms = Debug|Mixed Platforms
		Debug|Win32 = Debug|Win32
		Release|Any CPU = Release|Any CPU
		Release|Mixed Platforms = Release|Mixed Platforms
		Release|Win32 = Release|Win32
	EndGlobalSection
	GlobalSection(ProjectConfigurationPlatforms) = postSolution
		{8C4C1C1B-0BED-4153-905D-3C7840B5EAF2}.Debug|Any CPU.ActiveCfg = Debug|Any CPU
		{8C4C1C1B-0BED-4153-905D-3C7840B5EAF2}.Debug|Any CPU.Build.0 = Debug|Any CPU
		{8C4C1C1B-0BED-4153-905D-3C7840B5EAF2}.Debug|Mixed Platforms.ActiveCfg = Debug|Any CPU
		{8C4C1C1B-0BED-4153-905D-3C7840B5EAF2}.Debug|Mixed Platforms.Build.0 = Debug|Any CPU
		{8C4C1C1B-0BED-4153-905D-3C7840B5EAF2}.Debug|Win32.ActiveCfg = Debug|Any CPU
		{8C4C1C1B-0BED-4153-905D-3C7840B5EAF2}.Release|Any CPU.ActiveCfg = Release|Any CPU
		{8C4C1C1B-0BED-4153-905D-3C7840B5EAF2}.Release|Any CPU.Build.0 = Release|Any CPU
		{8C4C1C1B-0BED-4153-905D-3C7840B5EAF2}.Release|Mixed Platforms.ActiveCfg = Release|Any CPU
		{8C4C1C1B-0BED-4153-905D-3C7840B5EAF2}.Release|Mixed Platforms.Build.0 = Release|Any CPU
		{8C4C1C1B-0BED-4153-905D-3C7840B5EAF2}.Release|Win32.ActiveCfg = Release|Any CPU
		{10FE17DE-A9E2-4CEB-BB68-7A3E1FC7EE80}.Debug|Any CPU.ActiveCfg = Debug|Any CPU
		{10FE17DE-A9E2-4CEB-BB68-7A3E1FC7EE80}.Debug|Any CPU.Build.0 = Debug|Any CPU
		{10FE17DE-A9E2-4CEB-BB68-7A3E1FC7EE80}.Debug|Mixed Platforms.ActiveCfg = Debug|Any CPU
		{10FE17DE-A9E2-4CEB-BB68-7A3E1FC7EE80}.Debug|Mixed Platforms.Build.0 = Debug|Any CPU
		{10FE17DE-A9E2-4CEB-BB68-7A3E1FC7EE80}.Debug|Win32.ActiveCfg = Debug|Any CPU
		{10FE17DE-A9E2-4CEB-BB68-7A3E1FC7EE80}.Release|Any CPU.ActiveCfg = Release|Any CPU
		{10FE17DE-A9E2-4CEB-BB68-7A3E1FC7EE80}.Release|Any CPU.Build.0 = Release|Any CPU
		{10FE17DE-A9E2-4CEB-BB68-7A3E1FC7EE80}.Release|Mixed Platforms.ActiveCfg = Release|Any CPU
		{10FE17DE-A9E2-4CEB-BB68-7A3E1FC7EE80}.Release|Mixed Platforms.Build.0 = Release|Any CPU
		{10FE17DE-A9E2-4CEB-BB68-7A3E1FC7EE80}.Release|Win32.ActiveCfg = Release|Any CPU
		{D5B08975-7DAD-4F2E-9B67-FDA19D7273B0}.Debug|Any CPU.ActiveCfg = Debug|Win32
		{D5B08975-7DAD-4F2E-9B67-FDA19D7273B0}.Debug|Mixed Platforms.ActiveCfg = Debug|Win32
		{D5B08975-7DAD-4F2E-9B67-FDA19D7273B0}.Debug|Mixed Platforms.Build.0 = Debug|Win32
		{D5B08975-7DAD-4F2E-9B67-FDA19D7273B0}.Debug|Win32.ActiveCfg = Debug|Win32
		{D5B08975-7DAD-4F2E-9B67-FDA19D7273B0}.Debug|Win32.Build.0 = Debug|Win32
		{D5B08975-7DAD-4F2E-9B67-FDA19D7273B0}.Release|Any CPU.ActiveCfg = Release|Win32
		{D5B08975-7DAD-4F2E-9B67-FDA19D7273B0}.Release|Mixed Platforms.ActiveCfg = Release|Win32
		{D5B08975-7DAD-4F2E-9B67-FDA19D7273B0}.Release|Mixed Platforms.Build.0 = Release|Win32
		{D5B08975-7DAD-4F2E-9B67-FDA19D7273B0}.Release|Win32.ActiveCfg = Release|Win32
		{D5B08975-7DAD-4F2E-9B67-FDA19D7273B0}.Release|Win32.Build.0 = Release|Win32
	EndGlobalSection
	GlobalSection(SolutionProperties) = preSolution
		HideSolutionNode = FALSE
	EndGlobalSection
EndGlobal
